
Microsoft Visual Studio Solution File, Format Version 12.00
# Visual Studio Version 17
VisualStudioVersion = 17.0.31903.59
MinimumVisualStudioVersion = 10.0.40219.1
Project("{FAE04EC0-301F-11D3-BF4B-00C04F79EFBC}") = "SprintTracker.Api", "SprintTracker.Api.csproj", "{1C0EB822-7467-4338-B194-8646F6A64CDC}"
EndProject
Project("{FAE04EC0-301F-11D3-BF4B-00C04F79EFBC}") = "SprintTracker.Tests.Selenium", "SprintTracker.Tests.Selenium\SprintTracker.Tests.Selenium.csproj", "{A2057D85-5A1B-40AF-8A39-B10830F04607}"
EndProject
Global
	GlobalSection(SolutionConfigurationPlatforms) = preSolution
		Debug|Any CPU = Debug|Any CPU
		Debug|x64 = Debug|x64
		Debug|x86 = Debug|x86
		Release|Any CPU = Release|Any CPU
		Release|x64 = Release|x64
		Release|x86 = Release|x86
	EndGlobalSection
	GlobalSection(ProjectConfigurationPlatforms) = postSolution
		{1C0EB822-7467-4338-B194-8646F6A64CDC}.Debug|Any CPU.ActiveCfg = Debug|Any CPU
		{1C0EB822-7467-4338-B194-8646F6A64CDC}.Debug|Any CPU.Build.0 = Debug|Any CPU
		{1C0EB822-7467-4338-B194-8646F6A64CDC}.Debug|x64.ActiveCfg = Debug|Any CPU
		{1C0EB822-7467-4338-B194-8646F6A64CDC}.Debug|x64.Build.0 = Debug|Any CPU
		{1C0EB822-7467-4338-B194-8646F6A64CDC}.Debug|x86.ActiveCfg = Debug|Any CPU
		{1C0EB822-7467-4338-B194-8646F6A64CDC}.Debug|x86.Build.0 = Debug|Any CPU
		{1C0EB822-7467-4338-B194-8646F6A64CDC}.Release|Any CPU.ActiveCfg = Release|Any CPU
		{1C0EB822-7467-4338-B194-8646F6A64CDC}.Release|Any CPU.Build.0 = Release|Any CPU
		{1C0EB822-7467-4338-B194-8646F6A64CDC}.Release|x64.ActiveCfg = Release|Any CPU
		{1C0EB822-7467-4338-B194-8646F6A64CDC}.Release|x64.Build.0 = Release|Any CPU
		{1C0EB822-7467-4338-B194-8646F6A64CDC}.Release|x86.ActiveCfg = Release|Any CPU
		{1C0EB822-7467-4338-B194-8646F6A64CDC}.Release|x86.Build.0 = Release|Any CPU
		{A2057D85-5A1B-40AF-8A39-B10830F04607}.Debug|Any CPU.ActiveCfg = Debug|Any CPU
		{A2057D85-5A1B-40AF-8A39-B10830F04607}.Debug|Any CPU.Build.0 = Debug|Any CPU
		{A2057D85-5A1B-40AF-8A39-B10830F04607}.Debug|x64.ActiveCfg = Debug|Any CPU
		{A2057D85-5A1B-40AF-8A39-B10830F04607}.Debug|x64.Build.0 = Debug|Any CPU
		{A2057D85-5A1B-40AF-8A39-B10830F04607}.Debug|x86.ActiveCfg = Debug|Any CPU
		{A2057D85-5A1B-40AF-8A39-B10830F04607}.Debug|x86.Build.0 = Debug|Any CPU
		{A2057D85-5A1B-40AF-8A39-B10830F04607}.Release|Any CPU.ActiveCfg = Release|Any CPU
		{A2057D85-5A1B-40AF-8A39-B10830F04607}.Release|Any CPU.Build.0 = Release|Any CPU
		{A2057D85-5A1B-40AF-8A39-B10830F04607}.Release|x64.ActiveCfg = Release|Any CPU
		{A2057D85-5A1B-40AF-8A39-B10830F04607}.Release|x64.Build.0 = Release|Any CPU
		{A2057D85-5A1B-40AF-8A39-B10830F04607}.Release|x86.ActiveCfg = Release|Any CPU
		{A2057D85-5A1B-40AF-8A39-B10830F04607}.Release|x86.Build.0 = Release|Any CPU
	EndGlobalSection
	GlobalSection(SolutionProperties) = preSolution
		HideSolutionNode = FALSE
	EndGlobalSection
EndGlobal
